PODS:
  - Flutter (1.0.0)
  - trustpin_sdk (2.0.0):
    - Flutter
    - TrustPinKit (= 2.0.0)
  - TrustPinKit (2.0.0)

DEPENDENCIES:
  - Flutter (from `Flutter`)
  - trustpin_sdk (from `.symlinks/plugins/trustpin_sdk/ios`)

SPEC REPOS:
  https://github.com/CocoaPods/Specs.git:
    - TrustPinKit

EXTERNAL SOURCES:
  Flutter:
    :path: Flutter
  trustpin_sdk:
    :path: ".symlinks/plugins/trustpin_sdk/ios"

SPEC CHECKSUMS:
  Flutter: cabc95a1d2626b1b06e7179b784ebcf0c0cde467
  trustpin_sdk: 63af4c8beed823b09071d979360734ceac247fdd
  TrustPinKit: c2de6a37e2f1183262bc6b51178e94466a876d4e

PODFILE CHECKSUM: e38641a6783645f2f9f4cdfedbdf507f279b972b

COCOAPODS: 1.16.2
