PODS:
  - Flutter (1.0.0)
  - trustpin_sdk (2.1.0):
    - Flutter
    - TrustPinKit (= 2.1.1)
  - TrustPinKit (2.1.1)

DEPENDENCIES:
  - Flutter (from `Flutter`)
  - trustpin_sdk (from `.symlinks/plugins/trustpin_sdk/ios`)

SPEC REPOS:
  https://github.com/CocoaPods/Specs.git:
    - TrustPinKit

EXTERNAL SOURCES:
  Flutter:
    :path: Flutter
  trustpin_sdk:
    :path: ".symlinks/plugins/trustpin_sdk/ios"

SPEC CHECKSUMS:
  Flutter: cabc95a1d2626b1b06e7179b784ebcf0c0cde467
  trustpin_sdk: f1f22a31b4f2b7941fbba05588f33d0944fbcb34
  TrustPinKit: e1ffebae404f5cbb17e443544494c5879d15a0d3

PODFILE CHECKSUM: f3e862cc98e9b6198ecf94a0c39e3d3b520e1283

COCOAPODS: 1.16.2
